
Microsoft Visual Studio Solution File, Format Version 12.00
# Visual Studio Version 17
VisualStudioVersion = 17.4.33213.308
MinimumVisualStudioVersion = 10.0.40219.1
Project("{9A19103F-16F7-4668-BE54-9A1E7A4F7556}") = "RabbitMQ.Publisher", "RabbitMQ.Publisher\RabbitMQ.Publisher.csproj", "{D5BA607B-CEF4-41F6-9A30-E47514C6FDA0}"
EndProject
Project("{9A19103F-16F7-4668-BE54-9A1E7A4F7556}") = "RabbitMQ.Consumer", "RabbitMQ.Consumer\RabbitMQ.Consumer.csproj", "{F94A44CA-9A53-4124-9AAE-71FE4B9255FD}"
EndProject
Project("{9A19103F-16F7-4668-BE54-9A1E7A4F7556}") = "RabbitMQ.Direct.Exchange.Producer", "RabbitMQ.Direct.Exchange.Producer\RabbitMQ.Direct.Exchange.Producer.csproj", "{C7F7355D-36CF-4B91-882A-EBF007015F0C}"
EndProject
Project("{9A19103F-16F7-4668-BE54-9A1E7A4F7556}") = "RabbitMQ.Direct.Exchange.Consumer", "RabbitMQ.Direct.Exchange.Consumer\RabbitMQ.Direct.Exchange.Consumer.csproj", "{F0A497A9-7229-42B5-A4CD-DBA60D94D26E}"
EndProject
Project("{9A19103F-16F7-4668-BE54-9A1E7A4F7556}") = "RabbitMQ.Fanout.Exchange.Producer", "RabbitMQ.Fanout.Exchange.Producer\RabbitMQ.Fanout.Exchange.Producer.csproj", "{BB8ADCFC-B821-4432-B8E5-61FFBCBB1AC3}"
EndProject
Project("{9A19103F-16F7-4668-BE54-9A1E7A4F7556}") = "RabbitMQ.Fanout.Exchange.Consumer", "RabbitMQ.Fanout.Exchange.Consumer\RabbitMQ.Fanout.Exchange.Consumer.csproj", "{8B5ADE99-E38B-4BED-859F-19C4DD27AA9F}"
EndProject
Project("{9A19103F-16F7-4668-BE54-9A1E7A4F7556}") = "RabbitMQ.Topic.Exchange.Producer", "RabbitMQ.Topic.Exchange.Producer\RabbitMQ.Topic.Exchange.Producer.csproj", "{9993EEFD-2FBB-4609-916D-3EAE3E89AD10}"
EndProject
Project("{9A19103F-16F7-4668-BE54-9A1E7A4F7556}") = "RabbitMQ.Topic.Exchange.Consumer", "RabbitMQ.Topic.Exchange.Consumer\RabbitMQ.Topic.Exchange.Consumer.csproj", "{8BB6FE14-CE15-43B6-9029-F3A5F2487F4C}"
EndProject
Project("{9A19103F-16F7-4668-BE54-9A1E7A4F7556}") = "RabbitMQ.Header.Exchange.Consumer", "RabbitMQ.Header.Exchange.Consumer\RabbitMQ.Header.Exchange.Consumer.csproj", "{60D44F48-B0CA-4CA4-A142-D31683E94192}"
EndProject
Project("{9A19103F-16F7-4668-BE54-9A1E7A4F7556}") = "RabbitMQ.Header.Exchange.Producer", "RabbitMQ.Header.Exchange.Producer\RabbitMQ.Header.Exchange.Producer.csproj", "{2D9BDA85-5BCA-424D-8AAE-02DBEE32C043}"
EndProject
Project("{9A19103F-16F7-4668-BE54-9A1E7A4F7556}") = "RabbitMQ.Message.Template.Producer", "RabbitMQ.Message.Template.Producer\RabbitMQ.Message.Template.Producer.csproj", "{406FD089-43FD-458F-816D-6385FD184B52}"
EndProject
Project("{9A19103F-16F7-4668-BE54-9A1E7A4F7556}") = "RabbitMQ.Message.Template.Consumer", "RabbitMQ.Message.Template.Consumer\RabbitMQ.Message.Template.Consumer.csproj", "{A66EFF9E-7231-493C-A6DC-DF186B0388CB}"
EndProject
Project("{9A19103F-16F7-4668-BE54-9A1E7A4F7556}") = "RabbitMQ.ESB.MassTransit.Producer", "RabbitMQ.ESB.MassTransit.Producer\RabbitMQ.ESB.MassTransit.Producer.csproj", "{B3EF4468-C3BB-4586-895B-1DD0AFE5CD7A}"
EndProject
Project("{9A19103F-16F7-4668-BE54-9A1E7A4F7556}") = "RabbitMQ.ESB.MassTransit.Consumer", "RabbitMQ.ESB.MassTransit.Consumer\RabbitMQ.ESB.MassTransit.Consumer.csproj", "{5E060D34-EF65-40B7-8E0B-0B26DDEF6D5B}"
EndProject
Project("{9A19103F-16F7-4668-BE54-9A1E7A4F7556}") = "RabbitMQ.ESB.MassTransit.Shared", "RabbitMQ.ESB.MassTransit.Shared\RabbitMQ.ESB.MassTransit.Shared.csproj", "{EC3D3AB4-EF0A-422B-BEFA-B97B6C5C8CAE}"
EndProject
Project("{FAE04EC0-301F-11D3-BF4B-00C04F79EFBC}") = "RabbitMQ.ESB.MassTransit.WorkerService.Publisher", "RabbitMQ.ESB.MassTransit.WorkerService.Publisher\RabbitMQ.ESB.MassTransit.WorkerService.Publisher.csproj", "{FD3ECE1D-6B02-4D70-A758-553E7F9F357C}"
EndProject
Project("{FAE04EC0-301F-11D3-BF4B-00C04F79EFBC}") = "RabbitMQ.ESB.MassTransit.WorkerService.Consumer", "RabbitMQ.ESB.MassTransit.WorkerService.Consumer\RabbitMQ.ESB.MassTransit.WorkerService.Consumer.csproj", "{0D0A0092-E43A-45EC-8817-D7800246875C}"
EndProject
Global
	GlobalSection(SolutionConfigurationPlatforms) = preSolution
		Debug|Any CPU = Debug|Any CPU
		Release|Any CPU = Release|Any CPU
	EndGlobalSection
	GlobalSection(ProjectConfigurationPlatforms) = postSolution
		{D5BA607B-CEF4-41F6-9A30-E47514C6FDA0}.Debug|Any CPU.ActiveCfg = Debug|Any CPU
		{D5BA607B-CEF4-41F6-9A30-E47514C6FDA0}.Debug|Any CPU.Build.0 = Debug|Any CPU
		{D5BA607B-CEF4-41F6-9A30-E47514C6FDA0}.Release|Any CPU.ActiveCfg = Release|Any CPU
		{D5BA607B-CEF4-41F6-9A30-E47514C6FDA0}.Release|Any CPU.Build.0 = Release|Any CPU
		{F94A44CA-9A53-4124-9AAE-71FE4B9255FD}.Debug|Any CPU.ActiveCfg = Debug|Any CPU
		{F94A44CA-9A53-4124-9AAE-71FE4B9255FD}.Debug|Any CPU.Build.0 = Debug|Any CPU
		{F94A44CA-9A53-4124-9AAE-71FE4B9255FD}.Release|Any CPU.ActiveCfg = Release|Any CPU
		{F94A44CA-9A53-4124-9AAE-71FE4B9255FD}.Release|Any CPU.Build.0 = Release|Any CPU
		{C7F7355D-36CF-4B91-882A-EBF007015F0C}.Debug|Any CPU.ActiveCfg = Debug|Any CPU
		{C7F7355D-36CF-4B91-882A-EBF007015F0C}.Debug|Any CPU.Build.0 = Debug|Any CPU
		{C7F7355D-36CF-4B91-882A-EBF007015F0C}.Release|Any CPU.ActiveCfg = Release|Any CPU
		{C7F7355D-36CF-4B91-882A-EBF007015F0C}.Release|Any CPU.Build.0 = Release|Any CPU
		{F0A497A9-7229-42B5-A4CD-DBA60D94D26E}.Debug|Any CPU.ActiveCfg = Debug|Any CPU
		{F0A497A9-7229-42B5-A4CD-DBA60D94D26E}.Debug|Any CPU.Build.0 = Debug|Any CPU
		{F0A497A9-7229-42B5-A4CD-DBA60D94D26E}.Release|Any CPU.ActiveCfg = Release|Any CPU
		{F0A497A9-7229-42B5-A4CD-DBA60D94D26E}.Release|Any CPU.Build.0 = Release|Any CPU
		{BB8ADCFC-B821-4432-B8E5-61FFBCBB1AC3}.Debug|Any CPU.ActiveCfg = Debug|Any CPU
		{BB8ADCFC-B821-4432-B8E5-61FFBCBB1AC3}.Debug|Any CPU.Build.0 = Debug|Any CPU
		{BB8ADCFC-B821-4432-B8E5-61FFBCBB1AC3}.Release|Any CPU.ActiveCfg = Release|Any CPU
		{BB8ADCFC-B821-4432-B8E5-61FFBCBB1AC3}.Release|Any CPU.Build.0 = Release|Any CPU
		{8B5ADE99-E38B-4BED-859F-19C4DD27AA9F}.Debug|Any CPU.ActiveCfg = Debug|Any CPU
		{8B5ADE99-E38B-4BED-859F-19C4DD27AA9F}.Debug|Any CPU.Build.0 = Debug|Any CPU
		{8B5ADE99-E38B-4BED-859F-19C4DD27AA9F}.Release|Any CPU.ActiveCfg = Release|Any CPU
		{8B5ADE99-E38B-4BED-859F-19C4DD27AA9F}.Release|Any CPU.Build.0 = Release|Any CPU
		{9993EEFD-2FBB-4609-916D-3EAE3E89AD10}.Debug|Any CPU.ActiveCfg = Debug|Any CPU
		{9993EEFD-2FBB-4609-916D-3EAE3E89AD10}.Debug|Any CPU.Build.0 = Debug|Any CPU
		{9993EEFD-2FBB-4609-916D-3EAE3E89AD10}.Release|Any CPU.ActiveCfg = Release|Any CPU
		{9993EEFD-2FBB-4609-916D-3EAE3E89AD10}.Release|Any CPU.Build.0 = Release|Any CPU
		{8BB6FE14-CE15-43B6-9029-F3A5F2487F4C}.Debug|Any CPU.ActiveCfg = Debug|Any CPU
		{8BB6FE14-CE15-43B6-9029-F3A5F2487F4C}.Debug|Any CPU.Build.0 = Debug|Any CPU
		{8BB6FE14-CE15-43B6-9029-F3A5F2487F4C}.Release|Any CPU.ActiveCfg = Release|Any CPU
		{8BB6FE14-CE15-43B6-9029-F3A5F2487F4C}.Release|Any CPU.Build.0 = Release|Any CPU
		{60D44F48-B0CA-4CA4-A142-D31683E94192}.Debug|Any CPU.ActiveCfg = Debug|Any CPU
		{60D44F48-B0CA-4CA4-A142-D31683E94192}.Debug|Any CPU.Build.0 = Debug|Any CPU
		{60D44F48-B0CA-4CA4-A142-D31683E94192}.Release|Any CPU.ActiveCfg = Release|Any CPU
		{60D44F48-B0CA-4CA4-A142-D31683E94192}.Release|Any CPU.Build.0 = Release|Any CPU
		{2D9BDA85-5BCA-424D-8AAE-02DBEE32C043}.Debug|Any CPU.ActiveCfg = Debug|Any CPU
		{2D9BDA85-5BCA-424D-8AAE-02DBEE32C043}.Debug|Any CPU.Build.0 = Debug|Any CPU
		{2D9BDA85-5BCA-424D-8AAE-02DBEE32C043}.Release|Any CPU.ActiveCfg = Release|Any CPU
		{2D9BDA85-5BCA-424D-8AAE-02DBEE32C043}.Release|Any CPU.Build.0 = Release|Any CPU
		{406FD089-43FD-458F-816D-6385FD184B52}.Debug|Any CPU.ActiveCfg = Debug|Any CPU
		{406FD089-43FD-458F-816D-6385FD184B52}.Debug|Any CPU.Build.0 = Debug|Any CPU
		{406FD089-43FD-458F-816D-6385FD184B52}.Release|Any CPU.ActiveCfg = Release|Any CPU
		{406FD089-43FD-458F-816D-6385FD184B52}.Release|Any CPU.Build.0 = Release|Any CPU
		{A66EFF9E-7231-493C-A6DC-DF186B0388CB}.Debug|Any CPU.ActiveCfg = Debug|Any CPU
		{A66EFF9E-7231-493C-A6DC-DF186B0388CB}.Debug|Any CPU.Build.0 = Debug|Any CPU
		{A66EFF9E-7231-493C-A6DC-DF186B0388CB}.Release|Any CPU.ActiveCfg = Release|Any CPU
		{A66EFF9E-7231-493C-A6DC-DF186B0388CB}.Release|Any CPU.Build.0 = Release|Any CPU
		{B3EF4468-C3BB-4586-895B-1DD0AFE5CD7A}.Debug|Any CPU.ActiveCfg = Debug|Any CPU
		{B3EF4468-C3BB-4586-895B-1DD0AFE5CD7A}.Debug|Any CPU.Build.0 = Debug|Any CPU
		{B3EF4468-C3BB-4586-895B-1DD0AFE5CD7A}.Release|Any CPU.ActiveCfg = Release|Any CPU
		{B3EF4468-C3BB-4586-895B-1DD0AFE5CD7A}.Release|Any CPU.Build.0 = Release|Any CPU
		{5E060D34-EF65-40B7-8E0B-0B26DDEF6D5B}.Debug|Any CPU.ActiveCfg = Debug|Any CPU
		{5E060D34-EF65-40B7-8E0B-0B26DDEF6D5B}.Debug|Any CPU.Build.0 = Debug|Any CPU
		{5E060D34-EF65-40B7-8E0B-0B26DDEF6D5B}.Release|Any CPU.ActiveCfg = Release|Any CPU
		{5E060D34-EF65-40B7-8E0B-0B26DDEF6D5B}.Release|Any CPU.Build.0 = Release|Any CPU
		{EC3D3AB4-EF0A-422B-BEFA-B97B6C5C8CAE}.Debug|Any CPU.ActiveCfg = Debug|Any CPU
		{EC3D3AB4-EF0A-422B-BEFA-B97B6C5C8CAE}.Debug|Any CPU.Build.0 = Debug|Any CPU
		{EC3D3AB4-EF0A-422B-BEFA-B97B6C5C8CAE}.Release|Any CPU.ActiveCfg = Release|Any CPU
		{EC3D3AB4-EF0A-422B-BEFA-B97B6C5C8CAE}.Release|Any CPU.Build.0 = Release|Any CPU
		{FD3ECE1D-6B02-4D70-A758-553E7F9F357C}.Debug|Any CPU.ActiveCfg = Debug|Any CPU
		{FD3ECE1D-6B02-4D70-A758-553E7F9F357C}.Debug|Any CPU.Build.0 = Debug|Any CPU
		{FD3ECE1D-6B02-4D70-A758-553E7F9F357C}.Release|Any CPU.ActiveCfg = Release|Any CPU
		{FD3ECE1D-6B02-4D70-A758-553E7F9F357C}.Release|Any CPU.Build.0 = Release|Any CPU
		{0D0A0092-E43A-45EC-8817-D7800246875C}.Debug|Any CPU.ActiveCfg = Debug|Any CPU
		{0D0A0092-E43A-45EC-8817-D7800246875C}.Debug|Any CPU.Build.0 = Debug|Any CPU
		{0D0A0092-E43A-45EC-8817-D7800246875C}.Release|Any CPU.ActiveCfg = Release|Any CPU
		{0D0A0092-E43A-45EC-8817-D7800246875C}.Release|Any CPU.Build.0 = Release|Any CPU
	EndGlobalSection
	GlobalSection(SolutionProperties) = preSolution
		HideSolutionNode = FALSE
	EndGlobalSection
	GlobalSection(ExtensibilityGlobals) = postSolution
		SolutionGuid = {4A539D66-EC07-486D-B7A9-9568F3F3D1E1}
	EndGlobalSection
EndGlobal
