
Microsoft Visual Studio Solution File, Format Version 12.00
# Visual Studio Version 17
VisualStudioVersion = 17.4.33213.308
MinimumVisualStudioVersion = 10.0.40219.1
Project("{FAE04EC0-301F-11D3-BF4B-00C04F79EFBC}") = "RabbitMQ.Publisher", "RabbitMQ.Publisher\RabbitMQ.Publisher.csproj", "{D5BA607B-CEF4-41F6-9A30-E47514C6FDA0}"
EndProject
Project("{FAE04EC0-301F-11D3-BF4B-00C04F79EFBC}") = "RabbitMQ.Consumer", "RabbitMQ.Consumer\RabbitMQ.Consumer.csproj", "{F94A44CA-9A53-4124-9AAE-71FE4B9255FD}"
EndProject
Global
	GlobalSection(SolutionConfigurationPlatforms) = preSolution
		Debug|Any CPU = Debug|Any CPU
		Release|Any CPU = Release|Any CPU
	EndGlobalSection
	GlobalSection(ProjectConfigurationPlatforms) = postSolution
		{D5BA607B-CEF4-41F6-9A30-E47514C6FDA0}.Debug|Any CPU.ActiveCfg = Debug|Any CPU
		{D5BA607B-CEF4-41F6-9A30-E47514C6FDA0}.Debug|Any CPU.Build.0 = Debug|Any CPU
		{D5BA607B-CEF4-41F6-9A30-E47514C6FDA0}.Release|Any CPU.ActiveCfg = Release|Any CPU
		{D5BA607B-CEF4-41F6-9A30-E47514C6FDA0}.Release|Any CPU.Build.0 = Release|Any CPU
		{F94A44CA-9A53-4124-9AAE-71FE4B9255FD}.Debug|Any CPU.ActiveCfg = Debug|Any CPU
		{F94A44CA-9A53-4124-9AAE-71FE4B9255FD}.Debug|Any CPU.Build.0 = Debug|Any CPU
		{F94A44CA-9A53-4124-9AAE-71FE4B9255FD}.Release|Any CPU.ActiveCfg = Release|Any CPU
		{F94A44CA-9A53-4124-9AAE-71FE4B9255FD}.Release|Any CPU.Build.0 = Release|Any CPU
	EndGlobalSection
	GlobalSection(SolutionProperties) = preSolution
		HideSolutionNode = FALSE
	EndGlobalSection
	GlobalSection(ExtensibilityGlobals) = postSolution
		SolutionGuid = {4A539D66-EC07-486D-B7A9-9568F3F3D1E1}
	EndGlobalSection
EndGlobal
